
Microsoft Visual Studio Solution File, Format Version 12.00
# Visual Studio 15
VisualStudioVersion = 15.0.27130.2036
MinimumVisualStudioVersion = 10.0.40219.1
Project("{9A19103F-16F7-4668-BE54-9A1E7A4F7556}") = "Cake.MsDeploy", "Cake.MsDeploy\Cake.MsDeploy.csproj", "{BBEBF8AD-2137-4A28-95DF-8A5F4A06D809}"
EndProject
Project("{9A19103F-16F7-4668-BE54-9A1E7A4F7556}") = "Cake.MsDeploy.Tests", "Cake.MsDeploy.Tests\Cake.MsDeploy.Tests.csproj", "{C41A8E18-5BF8-4540-94CA-0318B7CBFCF1}"
EndProject
Project("{2150E333-8FDC-42A3-9474-1A3956D46DE8}") = "meta", "meta", "{5234DAA5-299E-402D-90A5-B3C83D0E867C}"
	ProjectSection(SolutionItems) = preProject
		..\.appveyor.yml = ..\.appveyor.yml
		..\build.ps1 = ..\build.ps1
		..\nuspec\nuget\Cake.MsDeploy.nuspec = ..\nuspec\nuget\Cake.MsDeploy.nuspec
		..\README.md = ..\README.md
		..\recipe.cake = ..\recipe.cake
	EndProjectSection
EndProject
Global
	GlobalSection(SolutionConfigurationPlatforms) = preSolution
		Debug|Any CPU = Debug|Any CPU
		Release|Any CPU = Release|Any CPU
	EndGlobalSection
	GlobalSection(ProjectConfigurationPlatforms) = postSolution
		{BBEBF8AD-2137-4A28-95DF-8A5F4A06D809}.Debug|Any CPU.ActiveCfg = Debug|Any CPU
		{BBEBF8AD-2137-4A28-95DF-8A5F4A06D809}.Debug|Any CPU.Build.0 = Debug|Any CPU
		{BBEBF8AD-2137-4A28-95DF-8A5F4A06D809}.Release|Any CPU.ActiveCfg = Release|Any CPU
		{BBEBF8AD-2137-4A28-95DF-8A5F4A06D809}.Release|Any CPU.Build.0 = Release|Any CPU
		{C41A8E18-5BF8-4540-94CA-0318B7CBFCF1}.Debug|Any CPU.ActiveCfg = Debug|Any CPU
		{C41A8E18-5BF8-4540-94CA-0318B7CBFCF1}.Debug|Any CPU.Build.0 = Debug|Any CPU
		{C41A8E18-5BF8-4540-94CA-0318B7CBFCF1}.Release|Any CPU.ActiveCfg = Release|Any CPU
		{C41A8E18-5BF8-4540-94CA-0318B7CBFCF1}.Release|Any CPU.Build.0 = Release|Any CPU
	EndGlobalSection
	GlobalSection(SolutionProperties) = preSolution
		HideSolutionNode = FALSE
	EndGlobalSection
	GlobalSection(ExtensibilityGlobals) = postSolution
		SolutionGuid = {DE856221-954B-47C3-8D96-E245980AA9D6}
	EndGlobalSection
EndGlobal
